
Microsoft Visual Studio Solution File, Format Version 12.00
# Visual Studio Version 16
VisualStudioVersion = 25.0.1706.14
MinimumVisualStudioVersion = 10.0.40219.1
Project("{FAE04EC0-301F-11D3-BF4B-00C04F79EFBC}") = "Tutorial4Ex2", "Tutorial4Ex2\Tutorial4Ex2.csproj", "{98410375-5613-4E9F-8813-9FB042D10286}"
EndProject
Global
	GlobalSection(SolutionConfigurationPlatforms) = preSolution
		Debug|Any CPU = Debug|Any CPU
		Release|Any CPU = Release|Any CPU
	EndGlobalSection
	GlobalSection(ProjectConfigurationPlatforms) = postSolution
		{98410375-5613-4E9F-8813-9FB042D10286}.Debug|Any CPU.ActiveCfg = Debug|Any CPU
		{98410375-5613-4E9F-8813-9FB042D10286}.Debug|Any CPU.Build.0 = Debug|Any CPU
		{98410375-5613-4E9F-8813-9FB042D10286}.Release|Any CPU.ActiveCfg = Release|Any CPU
		{98410375-5613-4E9F-8813-9FB042D10286}.Release|Any CPU.Build.0 = Release|Any CPU
	EndGlobalSection
	GlobalSection(SolutionProperties) = preSolution
		HideSolutionNode = FALSE
	EndGlobalSection
	GlobalSection(ExtensibilityGlobals) = postSolution
		SolutionGuid = {2A842A05-B5C0-49E9-B9DD-3BE357142F1C}
	EndGlobalSection
EndGlobal
